
Microsoft Visual Studio Solution File, Format Version 12.00
# Visual Studio Version 17
VisualStudioVersion = 17.6.33712.159
MinimumVisualStudioVersion = 10.0.40219.1
Project("{FAE04EC0-301F-11D3-BF4B-00C04F79EFBC}") = "CoreAppWithDocker", "CoreAppWithDocker\CoreAppWithDocker.csproj", "{4C49ACB5-4EE4-4F93-9BEF-C1059EE43096}"
EndProject
Project("{E53339B2-1760-4266-BCC7-CA923CBCF16C}") = "docker-compose", "docker-compose.dcproj", "{994FE97F-F501-49AE-B496-0667D9BB60CF}"
EndProject
Global
	GlobalSection(SolutionConfigurationPlatforms) = preSolution
		Debug|Any CPU = Debug|Any CPU
		Release|Any CPU = Release|Any CPU
	EndGlobalSection
	GlobalSection(ProjectConfigurationPlatforms) = postSolution
		{4C49ACB5-4EE4-4F93-9BEF-C1059EE43096}.Debug|Any CPU.ActiveCfg = Debug|Any CPU
		{4C49ACB5-4EE4-4F93-9BEF-C1059EE43096}.Debug|Any CPU.Build.0 = Debug|Any CPU
		{4C49ACB5-4EE4-4F93-9BEF-C1059EE43096}.Release|Any CPU.ActiveCfg = Release|Any CPU
		{4C49ACB5-4EE4-4F93-9BEF-C1059EE43096}.Release|Any CPU.Build.0 = Release|Any CPU
		{994FE97F-F501-49AE-B496-0667D9BB60CF}.Debug|Any CPU.ActiveCfg = Debug|Any CPU
		{994FE97F-F501-49AE-B496-0667D9BB60CF}.Debug|Any CPU.Build.0 = Debug|Any CPU
		{994FE97F-F501-49AE-B496-0667D9BB60CF}.Release|Any CPU.ActiveCfg = Release|Any CPU
		{994FE97F-F501-49AE-B496-0667D9BB60CF}.Release|Any CPU.Build.0 = Release|Any CPU
	EndGlobalSection
	GlobalSection(SolutionProperties) = preSolution
		HideSolutionNode = FALSE
	EndGlobalSection
	GlobalSection(ExtensibilityGlobals) = postSolution
		SolutionGuid = {EB744A3B-4EF4-4688-9FB1-6D73E36A37A4}
	EndGlobalSection
EndGlobal
